// !$*UTF8*$!
{
	archiveVersion = 1;
	classes = {
	};
	objectVersion = 46;
	objects = {

/* Begin PBXBuildFile section */
		00567F6F1995BA0900CB6283 /* Foundation.framework in Frameworks */ = {isa = PBXBuildFile; fileRef = 00567F6E1995BA0900CB6283 /* Foundation.framework */; };
		00567F711995BA0900CB6283 /* CoreGraphics.framework in Frameworks */ = {isa = PBXBuildFile; fileRef = 00567F701995BA0900CB6283 /* CoreGraphics.framework */; };
		00567F731995BA0900CB6283 /* UIKit.framework in Frameworks */ = {isa = PBXBuildFile; fileRef = 00567F721995BA0900CB6283 /* UIKit.framework */; };
		00567F791995BA0900CB6283 /* InfoPlist.strings in Resources */ = {isa = PBXBuildFile; fileRef = 00567F771995BA0900CB6283 /* InfoPlist.strings */; };
		00567F7B1995BA0900CB6283 /* main.m in Sources */ = {isa = PBXBuildFile; fileRef = 00567F7A1995BA0900CB6283 /* main.m */; };
		00567F7F1995BA0900CB6283 /* AppDelegate.m in Sources */ = {isa = PBXBuildFile; fileRef = 00567F7E1995BA0900CB6283 /* AppDelegate.m */; };
		00567F821995BA0900CB6283 /* Main.storyboard in Resources */ = {isa = PBXBuildFile; fileRef = 00567F801995BA0900CB6283 /* Main.storyboard */; };
		00567F851995BA0900CB6283 /* FirstViewController.m in Sources */ = {isa = PBXBuildFile; fileRef = 00567F841995BA0900CB6283 /* FirstViewController.m */; };
		00567F881995BA0900CB6283 /* SecondViewController.m in Sources */ = {isa = PBXBuildFile; fileRef = 00567F871995BA0900CB6283 /* SecondViewController.m */; };
		00567F8A1995BA0900CB6283 /* Images.xcassets in Resources */ = {isa = PBXBuildFile; fileRef = 00567F891995BA0900CB6283 /* Images.xcassets */; };
		00567F911995BA0900CB6283 /* XCTest.framework in Frameworks */ = {isa = PBXBuildFile; fileRef = 00567F901995BA0900CB6283 /* XCTest.framework */; };
		00567F921995BA0900CB6283 /* Foundation.framework in Frameworks */ = {isa = PBXBuildFile; fileRef = 00567F6E1995BA0900CB6283 /* Foundation.framework */; };
		00567F931995BA0900CB6283 /* UIKit.framework in Frameworks */ = {isa = PBXBuildFile; fileRef = 00567F721995BA0900CB6283 /* UIKit.framework */; };
		00567F9B1995BA0900CB6283 /* InfoPlist.strings in Resources */ = {isa = PBXBuildFile; fileRef = 00567F991995BA0900CB6283 /* InfoPlist.strings */; };
		00567F9D1995BA0900CB6283 /* Case_MakerTests.m in Sources */ = {isa = PBXBuildFile; fileRef = 00567F9C1995BA0900CB6283 /* Case_MakerTests.m */; };
/* End PBXBuildFile section */

/* Begin PBXContainerItemProxy section */
		00567F941995BA0900CB6283 /* PBXContainerItemProxy */ = {
			isa = PBXContainerItemProxy;
			containerPortal = 00567F631995BA0900CB6283 /* Project object */;
			proxyType = 1;
			remoteGlobalIDString = 00567F6A1995BA0900CB6283;
			remoteInfo = "Case Maker";
		};
/* End PBXContainerItemProxy section */

/* Begin PBXFileReference section */
		00567F6B1995BA0900CB6283 /* Case Maker.app */ = {isa = PBXFileReference; explicitFileType = wrapper.application; includeInIndex = 0; path = "Case Maker.app"; sourceTree = BUILT_PRODUCTS_DIR; };
		00567F6E1995BA0900CB6283 /* Foundation.framework */ = {isa = PBXFileReference; lastKnownFileType = wrapper.framework; name = Foundation.framework; path = System/Library/Frameworks/Foundation.framework; sourceTree = SDKROOT; };
		00567F701995BA0900CB6283 /* CoreGraphics.framework */ = {isa = PBXFileReference; lastKnownFileType = wrapper.framework; name = CoreGraphics.framework; path = System/Library/Frameworks/CoreGraphics.framework; sourceTree = SDKROOT; };
		00567F721995BA0900CB6283 /* UIKit.framework */ = {isa = PBXFileReference; lastKnownFileType = wrapper.framework; name = UIKit.framework; path = System/Library/Frameworks/UIKit.framework; sourceTree = SDKROOT; };
		00567F761995BA0900CB6283 /* Case Maker-Info.plist */ = {isa = PBXFileReference; lastKnownFileType = text.plist.xml; path = "Case Maker-Info.plist"; sourceTree = "<group>"; };
		00567F781995BA0900CB6283 /* en */ = {isa = PBXFileReference; lastKnownFileType = text.plist.strings; name = en; path = en.lproj/InfoPlist.strings; sourceTree = "<group>"; };
		00567F7A1995BA0900CB6283 /* main.m */ = {isa = PBXFileReference; lastKnownFileType = sourcecode.c.objc; path = main.m; sourceTree = "<group>"; };
		00567F7C1995BA0900CB6283 /* Case Maker-Prefix.pch */ = {isa = PBXFileReference; lastKnownFileType = sourcecode.c.h; path = "Case Maker-Prefix.pch"; sourceTree = "<group>"; };
		00567F7D1995BA0900CB6283 /* AppDelegate.h */ = {isa = PBXFileReference; lastKnownFileType = sourcecode.c.h; path = AppDelegate.h; sourceTree = "<group>"; };
		00567F7E1995BA0900CB6283 /* AppDelegate.m */ = {isa = PBXFileReference; lastKnownFileType = sourcecode.c.objc; path = AppDelegate.m; sourceTree = "<group>"; };
		00567F811995BA0900CB6283 /* Base */ = {isa = PBXFileReference; lastKnownFileType = file.storyboard; name = Base; path = Base.lproj/Main.storyboard; sourceTree = "<group>"; };
		00567F831995BA0900CB6283 /* FirstViewController.h */ = {isa = PBXFileReference; lastKnownFileType = sourcecode.c.h; path = FirstViewController.h; sourceTree = "<group>"; };
		00567F841995BA0900CB6283 /* FirstViewController.m */ = {isa = PBXFileReference; lastKnownFileType = sourcecode.c.objc; path = FirstViewController.m; sourceTree = "<group>"; };
		00567F861995BA0900CB6283 /* SecondViewController.h */ = {isa = PBXFileReference; lastKnownFileType = sourcecode.c.h; path = SecondViewController.h; sourceTree = "<group>"; };
		00567F871995BA0900CB6283 /* SecondViewController.m */ = {isa = PBXFileReference; lastKnownFileType = sourcecode.c.objc; path = SecondViewController.m; sourceTree = "<group>"; };
		00567F891995BA0900CB6283 /* Images.xcassets */ = {isa = PBXFileReference; lastKnownFileType = folder.assetcatalog; path = Images.xcassets; sourceTree = "<group>"; };
		00567F8F1995BA0900CB6283 /* Case MakerTests.xctest */ = {isa = PBXFileReference; explicitFileType = wrapper.cfbundle; includeInIndex = 0; path = "Case MakerTests.xctest"; sourceTree = BUILT_PRODUCTS_DIR; };
		00567F901995BA0900CB6283 /* XCTest.framework */ = {isa = PBXFileReference; lastKnownFileType = wrapper.framework; name = XCTest.framework; path = Library/Frameworks/XCTest.framework; sourceTree = DEVELOPER_DIR; };
		00567F981995BA0900CB6283 /* Case MakerTests-Info.plist */ = {isa = PBXFileReference; lastKnownFileType = text.plist.xml; path = "Case MakerTests-Info.plist"; sourceTree = "<group>"; };
		00567F9A1995BA0900CB6283 /* en */ = {isa = PBXFileReference; lastKnownFileType = text.plist.strings; name = en; path = en.lproj/InfoPlist.strings; sourceTree = "<group>"; };
		00567F9C1995BA0900CB6283 /* Case_MakerTests.m */ = {isa = PBXFileReference; lastKnownFileType = sourcecode.c.objc; path = Case_MakerTests.m; sourceTree = "<group>"; };
/* End PBXFileReference section */

/* Begin PBXFrameworksBuildPhase section */
		00567F681995BA0900CB6283 /* Frameworks */ = {
			isa = PBXFrameworksBuildPhase;
			buildActionMask = 2147483647;
			files = (
				00567F711995BA0900CB6283 /* CoreGraphics.framework in Frameworks */,
				00567F731995BA0900CB6283 /* UIKit.framework in Frameworks */,
				00567F6F1995BA0900CB6283 /* Foundation.framework in Frameworks */,
			);
			runOnlyForDeploymentPostprocessing = 0;
		};
		00567F8C1995BA0900CB6283 /* Frameworks */ = {
			isa = PBXFrameworksBuildPhase;
			buildActionMask = 2147483647;
			files = (
				00567F911995BA0900CB6283 /* XCTest.framework in Frameworks */,
				00567F931995BA0900CB6283 /* UIKit.framework in Frameworks */,
				00567F921995BA0900CB6283 /* Foundation.framework in Frameworks */,
			);
			runOnlyForDeploymentPostprocessing = 0;
		};
/* End PBXFrameworksBuildPhase section */

/* Begin PBXGroup section */
		00567F621995BA0900CB6283 = {
			isa = PBXGroup;
			children = (
				00567F741995BA0900CB6283 /* Case Maker */,
				00567F961995BA0900CB6283 /* Case MakerTests */,
				00567F6D1995BA0900CB6283 /* Frameworks */,
				00567F6C1995BA0900CB6283 /* Products */,
			);
			sourceTree = "<group>";
		};
		00567F6C1995BA0900CB6283 /* Products */ = {
			isa = PBXGroup;
			children = (
				00567F6B1995BA0900CB6283 /* Case Maker.app */,
				00567F8F1995BA0900CB6283 /* Case MakerTests.xctest */,
			);
			name = Products;
			sourceTree = "<group>";
		};
		00567F6D1995BA0900CB6283 /* Frameworks */ = {
			isa = PBXGroup;
			children = (
				00567F6E1995BA0900CB6283 /* Foundation.framework */,
				00567F701995BA0900CB6283 /* CoreGraphics.framework */,
				00567F721995BA0900CB6283 /* UIKit.framework */,
				00567F901995BA0900CB6283 /* XCTest.framework */,
			);
			name = Frameworks;
			sourceTree = "<group>";
		};
		00567F741995BA0900CB6283 /* Case Maker */ = {
			isa = PBXGroup;
			children = (
				00567F7D1995BA0900CB6283 /* AppDelegate.h */,
				00567F7E1995BA0900CB6283 /* AppDelegate.m */,
				00567F801995BA0900CB6283 /* Main.storyboard */,
				00567F831995BA0900CB6283 /* FirstViewController.h */,
				00567F841995BA0900CB6283 /* FirstViewController.m */,
				00567F861995BA0900CB6283 /* SecondViewController.h */,
				00567F871995BA0900CB6283 /* SecondViewController.m */,
				00567F891995BA0900CB6283 /* Images.xcassets */,
				00567F751995BA0900CB6283 /* Supporting Files */,
			);
			path = "Case Maker";
			sourceTree = "<group>";
		};
		00567F751995BA0900CB6283 /* Supporting Files */ = {
			isa = PBXGroup;
			children = (
				00567F761995BA0900CB6283 /* Case Maker-Info.plist */,
				00567F771995BA0900CB6283 /* InfoPlist.strings */,
				00567F7A1995BA0900CB6283 /* main.m */,
				00567F7C1995BA0900CB6283 /* Case Maker-Prefix.pch */,
			);
			name = "Supporting Files";
			sourceTree = "<group>";
		};
		00567F961995BA0900CB6283 /* Case MakerTests */ = {
			isa = PBXGroup;
			children = (
				00567F9C1995BA0900CB6283 /* Case_MakerTests.m */,
				00567F971995BA0900CB6283 /* Supporting Files */,
			);
			path = "Case MakerTests";
			sourceTree = "<group>";
		};
		00567F971995BA0900CB6283 /* Supporting Files */ = {
			isa = PBXGroup;
			children = (
				00567F981995BA0900CB6283 /* Case MakerTests-Info.plist */,
				00567F991995BA0900CB6283 /* InfoPlist.strings */,
			);
			name = "Supporting Files";
			sourceTree = "<group>";
		};
/* End PBXGroup section */

/* Begin PBXNativeTarget section */
		00567F6A1995BA0900CB6283 /* Case Maker */ = {
			isa = PBXNativeTarget;
			buildConfigurationList = 00567FA01995BA0900CB6283 /* Build configuration list for PBXNativeTarget "Case Maker" */;
			buildPhases = (
				00567F671995BA0900CB6283 /* Sources */,
				00567F681995BA0900CB6283 /* Frameworks */,
				00567F691995BA0900CB6283 /* Resources */,
			);
			buildRules = (
			);
			dependencies = (
			);
			name = "Case Maker";
			productName = "Case Maker";
			productReference = 00567F6B1995BA0900CB6283 /* Case Maker.app */;
			productType = "com.apple.product-type.application";
		};
		00567F8E1995BA0900CB6283 /* Case MakerTests */ = {
			isa = PBXNativeTarget;
			buildConfigurationList = 00567FA31995BA0900CB6283 /* Build configuration list for PBXNativeTarget "Case MakerTests" */;
			buildPhases = (
				00567F8B1995BA0900CB6283 /* Sources */,
				00567F8C1995BA0900CB6283 /* Frameworks */,
				00567F8D1995BA0900CB6283 /* Resources */,
			);
			buildRules = (
			);
			dependencies = (
				00567F951995BA0900CB6283 /* PBXTargetDependency */,
			);
			name = "Case MakerTests";
			productName = "Case MakerTests";
			productReference = 00567F8F1995BA0900CB6283 /* Case MakerTests.xctest */;
			productType = "com.apple.product-type.bundle.unit-test";
		};
/* End PBXNativeTarget section */

/* Begin PBXProject section */
		00567F631995BA0900CB6283 /* Project object */ = {
			isa = PBXProject;
			attributes = {
				LastUpgradeCheck = 0510;
				ORGANIZATIONNAME = Zazzle;
				TargetAttributes = {
					00567F8E1995BA0900CB6283 = {
						TestTargetID = 00567F6A1995BA0900CB6283;
					};
				};
			};
			buildConfigurationList = 00567F661995BA0900CB6283 /* Build configuration list for PBXProject "Case Maker" */;
			compatibilityVersion = "Xcode 3.2";
			developmentRegion = English;
			hasScannedForEncodings = 0;
			knownRegions = (
				en,
				Base,
			);
			mainGroup = 00567F621995BA0900CB6283;
			productRefGroup = 00567F6C1995BA0900CB6283 /* Products */;
			projectDirPath = "";
			projectRoot = "";
			targets = (
				00567F6A1995BA0900CB6283 /* Case Maker */,
				00567F8E1995BA0900CB6283 /* Case MakerTests */,
			);
		};
/* End PBXProject section */

/* Begin PBXResourcesBuildPhase section */
		00567F691995BA0900CB6283 /* Resources */ = {
			isa = PBXResourcesBuildPhase;
			buildActionMask = 2147483647;
			files = (
				00567F8A1995BA0900CB6283 /* Images.xcassets in Resources */,
				00567F791995BA0900CB6283 /* InfoPlist.strings in Resources */,
				00567F821995BA0900CB6283 /* Main.storyboard in Resources */,
			);
			runOnlyForDeploymentPostprocessing = 0;
		};
		00567F8D1995BA0900CB6283 /* Resources */ = {
			isa = PBXResourcesBuildPhase;
			buildActionMask = 2147483647;
			files = (
				00567F9B1995BA0900CB6283 /* InfoPlist.strings in Resources */,
			);
			runOnlyForDeploymentPostprocessing = 0;
		};
/* End PBXResourcesBuildPhase section */

/* Begin PBXSourcesBuildPhase section */
		00567F671995BA0900CB6283 /* Sources */ = {
			isa = PBXSourcesBuildPhase;
			buildActionMask = 2147483647;
			files = (
				00567F881995BA0900CB6283 /* SecondViewController.m in Sources */,
				00567F7F1995BA0900CB6283 /* AppDelegate.m in Sources */,
				00567F851995BA0900CB6283 /* FirstViewController.m in Sources */,
				00567F7B1995BA0900CB6283 /* main.m in Sources */,
			);
			runOnlyForDeploymentPostprocessing = 0;
		};
		00567F8B1995BA0900CB6283 /* Sources */ = {
			isa = PBXSourcesBuildPhase;
			buildActionMask = 2147483647;
			files = (
				00567F9D1995BA0900CB6283 /* Case_MakerTests.m in Sources */,
			);
			runOnlyForDeploymentPostprocessing = 0;
		};
/* End PBXSourcesBuildPhase section */

/* Begin PBXTargetDependency section */
		00567F951995BA0900CB6283 /* PBXTargetDependency */ = {
			isa = PBXTargetDependency;
			target = 00567F6A1995BA0900CB6283 /* Case Maker */;
			targetProxy = 00567F941995BA0900CB6283 /* PBXContainerItemProxy */;
		};
/* End PBXTargetDependency section */

/* Begin PBXVariantGroup section */
		00567F771995BA0900CB6283 /* InfoPlist.strings */ = {
			isa = PBXVariantGroup;
			children = (
				00567F781995BA0900CB6283 /* en */,
			);
			name = InfoPlist.strings;
			sourceTree = "<group>";
		};
		00567F801995BA0900CB6283 /* Main.storyboard */ = {
			isa = PBXVariantGroup;
			children = (
				00567F811995BA0900CB6283 /* Base */,
			);
			name = Main.storyboard;
			sourceTree = "<group>";
		};
		00567F991995BA0900CB6283 /* InfoPlist.strings */ = {
			isa = PBXVariantGroup;
			children = (
				00567F9A1995BA0900CB6283 /* en */,
			);
			name = InfoPlist.strings;
			sourceTree = "<group>";
		};
/* End PBXVariantGroup section */

/* Begin XCBuildConfiguration section */
		00567F9E1995BA0900CB6283 /* Debug */ = {
			isa = XCBuildConfiguration;
			buildSettings = {
				ALWAYS_SEARCH_USER_PATHS = NO;
				CLANG_CXX_LANGUAGE_STANDARD = "gnu++0x";
				CLANG_CXX_LIBRARY = "libc++";
				CLANG_ENABLE_MODULES = YES;
				CLANG_ENABLE_OBJC_ARC = YES;
				CLANG_WARN_BOOL_CONVERSION = YES;
				CLANG_WARN_CONSTANT_CONVERSION = YES;
				CLANG_WARN_DIRECT_OBJC_ISA_USAGE = YES_ERROR;
				CLANG_WARN_EMPTY_BODY = YES;
				CLANG_WARN_ENUM_CONVERSION = YES;
				CLANG_WARN_INT_CONVERSION = YES;
				CLANG_WARN_OBJC_ROOT_CLASS = YES_ERROR;
				CLANG_WARN__DUPLICATE_METHOD_MATCH = YES;
				"CODE_SIGN_IDENTITY[sdk=iphoneos*]" = "iPhone Developer";
				COPY_PHASE_STRIP = NO;
				GCC_C_LANGUAGE_STANDARD = gnu99;
				GCC_DYNAMIC_NO_PIC = NO;
				GCC_OPTIMIZATION_LEVEL = 0;
				GCC_PREPROCESSOR_DEFINITIONS = (
					"DEBUG=1",
					"$(inherited)",
				);
				GCC_SYMBOLS_PRIVATE_EXTERN = NO;
				GCC_WARN_64_TO_32_BIT_CONVERSION = YES;
				GCC_WARN_ABOUT_RETURN_TYPE = YES_ERROR;
				GCC_WARN_UNDECLARED_SELECTOR = YES;
				GCC_WARN_UNINITIALIZED_AUTOS = YES_AGGRESSIVE;
				GCC_WARN_UNUSED_FUNCTION = YES;
				GCC_WARN_UNUSED_VARIABLE = YES;
				IPHONEOS_DEPLOYMENT_TARGET = 7.1;
				ONLY_ACTIVE_ARCH = YES;
				SDKROOT = iphoneos;
			};
			name = Debug;
		};
		00567F9F1995BA0900CB6283 /* Release */ = {
			isa = XCBuildConfiguration;
			buildSettings = {
				ALWAYS_SEARCH_USER_PATHS = NO;
				CLANG_CXX_LANGUAGE_STANDARD = "gnu++0x";
				CLANG_CXX_LIBRARY = "libc++";
				CLANG_ENABLE_MODULES = YES;
				CLANG_ENABLE_OBJC_ARC = YES;
				CLANG_WARN_BOOL_CONVERSION = YES;
				CLANG_WARN_CONSTANT_CONVERSION = YES;
				CLANG_WARN_DIRECT_OBJC_ISA_USAGE = YES_ERROR;
				CLANG_WARN_EMPTY_BODY = YES;
				CLANG_WARN_ENUM_CONVERSION = YES;
				CLANG_WARN_INT_CONVERSION = YES;
				CLANG_WARN_OBJC_ROOT_CLASS = YES_ERROR;
				CLANG_WARN__DUPLICATE_METHOD_MATCH = YES;
				"CODE_SIGN_IDENTITY[sdk=iphoneos*]" = "iPhone Developer";
				COPY_PHASE_STRIP = YES;
				ENABLE_NS_ASSERTIONS = NO;
				GCC_C_LANGUAGE_STANDARD = gnu99;
				GCC_WARN_64_TO_32_BIT_CONVERSION = YES;
				GCC_WARN_ABOUT_RETURN_TYPE = YES_ERROR;
				GCC_WARN_UNDECLARED_SELECTOR = YES;
				GCC_WARN_UNINITIALIZED_AUTOS = YES_AGGRESSIVE;
				GCC_WARN_UNUSED_FUNCTION = YES;
				GCC_WARN_UNUSED_VARIABLE = YES;
				IPHONEOS_DEPLOYMENT_TARGET = 7.1;
				SDKROOT = iphoneos;
				VALIDATE_PRODUCT = YES;
			};
			name = Release;
		};
		00567FA11995BA0900CB6283 /* Debug */ = {
			isa = XCBuildConfiguration;
			buildSettings = {
				ASSETCATALOG_COMPILER_APPICON_NAME = AppIcon;
				ASSETCATALOG_COMPILER_LAUNCHIMAGE_NAME = LaunchImage;
				GCC_PRECOMPILE_PREFIX_HEADER = YES;
				GCC_PREFIX_HEADER = "Case Maker/Case Maker-Prefix.pch";
				INFOPLIST_FILE = "Case Maker/Case Maker-Info.plist";
				PRODUCT_NAME = "$(TARGET_NAME)";
				WRAPPER_EXTENSION = app;
			};
			name = Debug;
		};
		00567FA21995BA0900CB6283 /* Release */ = {
			isa = XCBuildConfiguration;
			buildSettings = {
				ASSETCATALOG_COMPILER_APPICON_NAME = AppIcon;
				ASSETCATALOG_COMPILER_LAUNCHIMAGE_NAME = LaunchImage;
				GCC_PRECOMPILE_PREFIX_HEADER = YES;
				GCC_PREFIX_HEADER = "Case Maker/Case Maker-Prefix.pch";
				INFOPLIST_FILE = "Case Maker/Case Maker-Info.plist";
				PRODUCT_NAME = "$(TARGET_NAME)";
				WRAPPER_EXTENSION = app;
			};
			name = Release;
		};
		00567FA41995BA0900CB6283 /* Debug */ = {
			isa = XCBuildConfiguration;
			buildSettings = {
				BUNDLE_LOADER = "$(BUILT_PRODUCTS_DIR)/Case Maker.app/Case Maker";
				FRAMEWORK_SEARCH_PATHS = (
					"$(SDKROOT)/Developer/Library/Frameworks",
					"$(inherited)",
					"$(DEVELOPER_FRAMEWORKS_DIR)",
				);
				GCC_PRECOMPILE_PREFIX_HEADER = YES;
				GCC_PREFIX_HEADER = "Case Maker/Case Maker-Prefix.pch";
				GCC_PREPROCESSOR_DEFINITIONS = (
					"DEBUG=1",
					"$(inherited)",
				);
				INFOPLIST_FILE = "Case MakerTests/Case MakerTests-Info.plist";
				PRODUCT_NAME = "$(TARGET_NAME)";
				TEST_HOST = "$(BUNDLE_LOADER)";
				WRAPPER_EXTENSION = xctest;
			};
			name = Debug;
		};
		00567FA51995BA0900CB6283 /* Release */ = {
			isa = XCBuildConfiguration;
			buildSettings = {
				BUNDLE_LOADER = "$(BUILT_PRODUCTS_DIR)/Case Maker.app/Case Maker";
				FRAMEWORK_SEARCH_PATHS = (
					"$(SDKROOT)/Developer/Library/Frameworks",
					"$(inherited)",
					"$(DEVELOPER_FRAMEWORKS_DIR)",
				);
				GCC_PRECOMPILE_PREFIX_HEADER = YES;
				GCC_PREFIX_HEADER = "Case Maker/Case Maker-Prefix.pch";
				INFOPLIST_FILE = "Case MakerTests/Case MakerTests-Info.plist";
				PRODUCT_NAME = "$(TARGET_NAME)";
				TEST_HOST = "$(BUNDLE_LOADER)";
				WRAPPER_EXTENSION = xctest;
			};
			name = Release;
		};
/* End XCBuildConfiguration section */

/* Begin XCConfigurationList section */
		00567F661995BA0900CB6283 /* Build configuration list for PBXProject "Case Maker" */ = {
			isa = XCConfigurationList;
			buildConfigurations = (
				00567F9E1995BA0900CB6283 /* Debug */,
				00567F9F1995BA0900CB6283 /* Release */,
			);
			defaultConfigurationIsVisible = 0;
			defaultConfigurationName = Release;
		};
		00567FA01995BA0900CB6283 /* Build configuration list for PBXNativeTarget "Case Maker" */ = {
			isa = XCConfigurationList;
			buildConfigurations = (
				00567FA11995BA0900CB6283 /* Debug */,
				00567FA21995BA0900CB6283 /* Release */,
			);
			defaultConfigurationIsVisible = 0;
		};
		00567FA31995BA0900CB6283 /* Build configuration list for PBXNativeTarget "Case MakerTests" */ = {
			isa = XCConfigurationList;
			buildConfigurations = (
				00567FA41995BA0900CB6283 /* Debug */,
				00567FA51995BA0900CB6283 /* Release */,
			);
			defaultConfigurationIsVisible = 0;
		};
/* End XCConfigurationList section */
	};
	rootObject = 00567F631995BA0900CB6283 /* Project object */;
}
