// !$*UTF8*$!
{
	archiveVersion = 1;
	classes = {
	};
	objectVersion = 46;
	objects = {

/* Begin PBXBuildFile section */
		00569434199EE44900DBD236 /* UIPattern.swift in Sources */ = {isa = PBXBuildFile; fileRef = 00569433199EE44900DBD236 /* UIPattern.swift */; };
		00569436199EE46000DBD236 /* UIPath.swift in Sources */ = {isa = PBXBuildFile; fileRef = 00569435199EE46000DBD236 /* UIPath.swift */; };
		0074184C19B10D5500BE237D /* Patterns.swift in Sources */ = {isa = PBXBuildFile; fileRef = 0074184B19B10D5500BE237D /* Patterns.swift */; };
		0087BA5C19A5AC65002E0D7B /* InfiniteScrollView.swift in Sources */ = {isa = PBXBuildFile; fileRef = 0087BA5B19A5AC65002E0D7B /* InfiniteScrollView.swift */; };
		00991C49199BDBE900E0A201 /* AppDelegate.swift in Sources */ = {isa = PBXBuildFile; fileRef = 00991C48199BDBE900E0A201 /* AppDelegate.swift */; };
		00991C4B199BDBE900E0A201 /* TileViewController.swift in Sources */ = {isa = PBXBuildFile; fileRef = 00991C4A199BDBE900E0A201 /* TileViewController.swift */; };
		00991C50199BDBE900E0A201 /* Images.xcassets in Resources */ = {isa = PBXBuildFile; fileRef = 00991C4F199BDBE900E0A201 /* Images.xcassets */; };
		00991C5C199BDBE900E0A201 /* ZPatternsTests.swift in Sources */ = {isa = PBXBuildFile; fileRef = 00991C5B199BDBE900E0A201 /* ZPatternsTests.swift */; };
		00991C68199BDCAF00E0A201 /* Main.storyboard in Resources */ = {isa = PBXBuildFile; fileRef = 00991C67199BDCAF00E0A201 /* Main.storyboard */; };
		00991C6E199C293E00E0A201 /* TileView.swift in Sources */ = {isa = PBXBuildFile; fileRef = 00991C6D199C293E00E0A201 /* TileView.swift */; };
		A967822719E5B20F006A439F /* Patterns.h in Headers */ = {isa = PBXBuildFile; fileRef = A967822619E5B20F006A439F /* Patterns.h */; settings = {ATTRIBUTES = (Public, ); }; };
		A967822D19E5B20F006A439F /* Patterns.framework in Frameworks */ = {isa = PBXBuildFile; fileRef = A967822219E5B20F006A439F /* Patterns.framework */; };
		A967823619E5B20F006A439F /* PatternsTests.swift in Sources */ = {isa = PBXBuildFile; fileRef = A967823519E5B20F006A439F /* PatternsTests.swift */; };
		A967823919E5B20F006A439F /* Patterns.framework in Frameworks */ = {isa = PBXBuildFile; fileRef = A967822219E5B20F006A439F /* Patterns.framework */; };
		A967823A19E5B20F006A439F /* Patterns.framework in Embed Frameworks */ = {isa = PBXBuildFile; fileRef = A967822219E5B20F006A439F /* Patterns.framework */; settings = {ATTRIBUTES = (CodeSignOnCopy, RemoveHeadersOnCopy, ); }; };
		A97C8BFB19E5A9430052BDCA /* Playgrounds in Resources */ = {isa = PBXBuildFile; fileRef = A97C8BFA19E5A9420052BDCA /* Playgrounds */; };
/* End PBXBuildFile section */

/* Begin PBXContainerItemProxy section */
		00991C56199BDBE900E0A201 /* PBXContainerItemProxy */ = {
			isa = PBXContainerItemProxy;
			containerPortal = 00991C3B199BDBE900E0A201 /* Project object */;
			proxyType = 1;
			remoteGlobalIDString = 00991C42199BDBE900E0A201;
			remoteInfo = ZPatterns;
		};
		A967822E19E5B20F006A439F /* PBXContainerItemProxy */ = {
			isa = PBXContainerItemProxy;
			containerPortal = 00991C3B199BDBE900E0A201 /* Project object */;
			proxyType = 1;
			remoteGlobalIDString = A967822119E5B20F006A439F;
			remoteInfo = Patterns;
		};
		A967823019E5B20F006A439F /* PBXContainerItemProxy */ = {
			isa = PBXContainerItemProxy;
			containerPortal = 00991C3B199BDBE900E0A201 /* Project object */;
			proxyType = 1;
			remoteGlobalIDString = 00991C42199BDBE900E0A201;
			remoteInfo = ZPatterns;
		};
		A967823719E5B20F006A439F /* PBXContainerItemProxy */ = {
			isa = PBXContainerItemProxy;
			containerPortal = 00991C3B199BDBE900E0A201 /* Project object */;
			proxyType = 1;
			remoteGlobalIDString = A967822119E5B20F006A439F;
			remoteInfo = Patterns;
		};
/* End PBXContainerItemProxy section */

/* Begin PBXCopyFilesBuildPhase section */
		A967823E19E5B20F006A439F /* Embed Frameworks */ = {
			isa = PBXCopyFilesBuildPhase;
			buildActionMask = 2147483647;
			dstPath = "";
			dstSubfolderSpec = 10;
			files = (
				A967823A19E5B20F006A439F /* Patterns.framework in Embed Frameworks */,
			);
			name = "Embed Frameworks";
			runOnlyForDeploymentPostprocessing = 0;
		};
/* End PBXCopyFilesBuildPhase section */

/* Begin PBXFileReference section */
		00569433199EE44900DBD236 /* UIPattern.swift */ = {isa = PBXFileReference; fileEncoding = 4; lastKnownFileType = sourcecode.swift; path = UIPattern.swift; sourceTree = "<group>"; };
		00569435199EE46000DBD236 /* UIPath.swift */ = {isa = PBXFileReference; fileEncoding = 4; lastKnownFileType = sourcecode.swift; path = UIPath.swift; sourceTree = "<group>"; };
		0074184B19B10D5500BE237D /* Patterns.swift */ = {isa = PBXFileReference; fileEncoding = 4; lastKnownFileType = sourcecode.swift; path = Patterns.swift; sourceTree = "<group>"; };
		0087BA5B19A5AC65002E0D7B /* InfiniteScrollView.swift */ = {isa = PBXFileReference; fileEncoding = 4; lastKnownFileType = sourcecode.swift; name = InfiniteScrollView.swift; path = ZPatterns/InfiniteScrollView.swift; sourceTree = "<group>"; };
		00991C43199BDBE900E0A201 /* ZPatterns.app */ = {isa = PBXFileReference; explicitFileType = wrapper.application; includeInIndex = 0; path = ZPatterns.app; sourceTree = BUILT_PRODUCTS_DIR; };
		00991C47199BDBE900E0A201 /* Info.plist */ = {isa = PBXFileReference; lastKnownFileType = text.plist.xml; path = Info.plist; sourceTree = "<group>"; };
		00991C48199BDBE900E0A201 /* AppDelegate.swift */ = {isa = PBXFileReference; lastKnownFileType = sourcecode.swift; path = AppDelegate.swift; sourceTree = "<group>"; };
		00991C4A199BDBE900E0A201 /* TileViewController.swift */ = {isa = PBXFileReference; lastKnownFileType = sourcecode.swift; path = TileViewController.swift; sourceTree = "<group>"; };
		00991C4F199BDBE900E0A201 /* Images.xcassets */ = {isa = PBXFileReference; lastKnownFileType = folder.assetcatalog; path = Images.xcassets; sourceTree = "<group>"; };
		00991C55199BDBE900E0A201 /* ZPatternsTests.xctest */ = {isa = PBXFileReference; explicitFileType = wrapper.cfbundle; includeInIndex = 0; path = ZPatternsTests.xctest; sourceTree = BUILT_PRODUCTS_DIR; };
		00991C5A199BDBE900E0A201 /* Info.plist */ = {isa = PBXFileReference; lastKnownFileType = text.plist.xml; path = Info.plist; sourceTree = "<group>"; };
		00991C5B199BDBE900E0A201 /* ZPatternsTests.swift */ = {isa = PBXFileReference; lastKnownFileType = sourcecode.swift; path = ZPatternsTests.swift; sourceTree = "<group>"; };
		00991C67199BDCAF00E0A201 /* Main.storyboard */ = {isa = PBXFileReference; fileEncoding = 4; lastKnownFileType = file.storyboard; path = Main.storyboard; sourceTree = "<group>"; };
		00991C69199BE71700E0A201 /* ZPatterns-Bridging-Header.h */ = {isa = PBXFileReference; lastKnownFileType = sourcecode.c.h; path = "ZPatterns-Bridging-Header.h"; sourceTree = "<group>"; };
		00991C6D199C293E00E0A201 /* TileView.swift */ = {isa = PBXFileReference; fileEncoding = 4; lastKnownFileType = sourcecode.swift; name = TileView.swift; path = ZPatterns/TileView.swift; sourceTree = "<group>"; };
		A967822219E5B20F006A439F /* Patterns.framework */ = {isa = PBXFileReference; explicitFileType = wrapper.framework; includeInIndex = 0; path = Patterns.framework; sourceTree = BUILT_PRODUCTS_DIR; };
		A967822519E5B20F006A439F /* Info.plist */ = {isa = PBXFileReference; lastKnownFileType = text.plist.xml; path = Info.plist; sourceTree = "<group>"; };
		A967822619E5B20F006A439F /* Patterns.h */ = {isa = PBXFileReference; lastKnownFileType = sourcecode.c.h; path = Patterns.h; sourceTree = "<group>"; };
		A967822C19E5B20F006A439F /* PatternsTests.xctest */ = {isa = PBXFileReference; explicitFileType = wrapper.cfbundle; includeInIndex = 0; path = PatternsTests.xctest; sourceTree = BUILT_PRODUCTS_DIR; };
		A967823419E5B20F006A439F /* Info.plist */ = {isa = PBXFileReference; lastKnownFileType = text.plist.xml; path = Info.plist; sourceTree = "<group>"; };
		A967823519E5B20F006A439F /* PatternsTests.swift */ = {isa = PBXFileReference; lastKnownFileType = sourcecode.swift; path = PatternsTests.swift; sourceTree = "<group>"; };
		A97C8BFA19E5A9420052BDCA /* Playgrounds */ = {isa = PBXFileReference; lastKnownFileType = folder; path = Playgrounds; sourceTree = "<group>"; };
/* End PBXFileReference section */

/* Begin PBXFrameworksBuildPhase section */
		00991C40199BDBE900E0A201 /* Frameworks */ = {
			isa = PBXFrameworksBuildPhase;
			buildActionMask = 2147483647;
			files = (
				A967823919E5B20F006A439F /* Patterns.framework in Frameworks */,
			);
			runOnlyForDeploymentPostprocessing = 0;
		};
		00991C52199BDBE900E0A201 /* Frameworks */ = {
			isa = PBXFrameworksBuildPhase;
			buildActionMask = 2147483647;
			files = (
			);
			runOnlyForDeploymentPostprocessing = 0;
		};
		A967821E19E5B20F006A439F /* Frameworks */ = {
			isa = PBXFrameworksBuildPhase;
			buildActionMask = 2147483647;
			files = (
			);
			runOnlyForDeploymentPostprocessing = 0;
		};
		A967822919E5B20F006A439F /* Frameworks */ = {
			isa = PBXFrameworksBuildPhase;
			buildActionMask = 2147483647;
			files = (
				A967822D19E5B20F006A439F /* Patterns.framework in Frameworks */,
			);
			runOnlyForDeploymentPostprocessing = 0;
		};
/* End PBXFrameworksBuildPhase section */

/* Begin PBXGroup section */
		005693BC199E7A6200DBD236 /* Models */ = {
			isa = PBXGroup;
			children = (
				00569435199EE46000DBD236 /* UIPath.swift */,
				00569433199EE44900DBD236 /* UIPattern.swift */,
				0074184B19B10D5500BE237D /* Patterns.swift */,
			);
			name = Models;
			path = ..;
			sourceTree = "<group>";
		};
		00991C3A199BDBE900E0A201 = {
			isa = PBXGroup;
			children = (
				00991C45199BDBE900E0A201 /* ZPatterns */,
				00991C58199BDBE900E0A201 /* ZPatternsTests */,
				A967822319E5B20F006A439F /* Patterns */,
				A967823219E5B20F006A439F /* PatternsTests */,
				00991C44199BDBE900E0A201 /* Products */,
			);
			sourceTree = "<group>";
		};
		00991C44199BDBE900E0A201 /* Products */ = {
			isa = PBXGroup;
			children = (
				00991C43199BDBE900E0A201 /* ZPatterns.app */,
				00991C55199BDBE900E0A201 /* ZPatternsTests.xctest */,
				A967822219E5B20F006A439F /* Patterns.framework */,
				A967822C19E5B20F006A439F /* PatternsTests.xctest */,
			);
			name = Products;
			sourceTree = "<group>";
		};
		00991C45199BDBE900E0A201 /* ZPatterns */ = {
			isa = PBXGroup;
			children = (
				005693BC199E7A6200DBD236 /* Models */,
				A967821C19E5AF8A006A439F /* Views */,
				A97C8BFA19E5A9420052BDCA /* Playgrounds */,
				00991C67199BDCAF00E0A201 /* Main.storyboard */,
				00991C48199BDBE900E0A201 /* AppDelegate.swift */,
				00991C4A199BDBE900E0A201 /* TileViewController.swift */,
				00991C4F199BDBE900E0A201 /* Images.xcassets */,
				00991C46199BDBE900E0A201 /* Supporting Files */,
				00991C69199BE71700E0A201 /* ZPatterns-Bridging-Header.h */,
			);
			path = ZPatterns;
			sourceTree = "<group>";
		};
		00991C46199BDBE900E0A201 /* Supporting Files */ = {
			isa = PBXGroup;
			children = (
				00991C47199BDBE900E0A201 /* Info.plist */,
			);
			name = "Supporting Files";
			sourceTree = "<group>";
		};
		00991C58199BDBE900E0A201 /* ZPatternsTests */ = {
			isa = PBXGroup;
			children = (
				00991C5B199BDBE900E0A201 /* ZPatternsTests.swift */,
				00991C59199BDBE900E0A201 /* Supporting Files */,
			);
			path = ZPatternsTests;
			sourceTree = "<group>";
		};
		00991C59199BDBE900E0A201 /* Supporting Files */ = {
			isa = PBXGroup;
			children = (
				00991C5A199BDBE900E0A201 /* Info.plist */,
			);
			name = "Supporting Files";
			sourceTree = "<group>";
		};
		A967821C19E5AF8A006A439F /* Views */ = {
			isa = PBXGroup;
			children = (
				0087BA5B19A5AC65002E0D7B /* InfiniteScrollView.swift */,
				00991C6D199C293E00E0A201 /* TileView.swift */,
			);
			name = Views;
			path = ..;
			sourceTree = "<group>";
		};
		A967822319E5B20F006A439F /* Patterns */ = {
			isa = PBXGroup;
			children = (
				A967822619E5B20F006A439F /* Patterns.h */,
				A967822419E5B20F006A439F /* Supporting Files */,
			);
			path = Patterns;
			sourceTree = "<group>";
		};
		A967822419E5B20F006A439F /* Supporting Files */ = {
			isa = PBXGroup;
			children = (
				A967822519E5B20F006A439F /* Info.plist */,
			);
			name = "Supporting Files";
			sourceTree = "<group>";
		};
		A967823219E5B20F006A439F /* PatternsTests */ = {
			isa = PBXGroup;
			children = (
				A967823519E5B20F006A439F /* PatternsTests.swift */,
				A967823319E5B20F006A439F /* Supporting Files */,
			);
			path = PatternsTests;
			sourceTree = "<group>";
		};
		A967823319E5B20F006A439F /* Supporting Files */ = {
			isa = PBXGroup;
			children = (
				A967823419E5B20F006A439F /* Info.plist */,
			);
			name = "Supporting Files";
			sourceTree = "<group>";
		};
/* End PBXGroup section */

/* Begin PBXHeadersBuildPhase section */
		A967821F19E5B20F006A439F /* Headers */ = {
			isa = PBXHeadersBuildPhase;
			buildActionMask = 2147483647;
			files = (
				A967822719E5B20F006A439F /* Patterns.h in Headers */,
			);
			runOnlyForDeploymentPostprocessing = 0;
		};
/* End PBXHeadersBuildPhase section */

/* Begin PBXNativeTarget section */
		00991C42199BDBE900E0A201 /* ZPatterns */ = {
			isa = PBXNativeTarget;
			buildConfigurationList = 00991C5F199BDBE900E0A201 /* Build configuration list for PBXNativeTarget "ZPatterns" */;
			buildPhases = (
				00991C3F199BDBE900E0A201 /* Sources */,
				00991C40199BDBE900E0A201 /* Frameworks */,
				00991C41199BDBE900E0A201 /* Resources */,
				A967823E19E5B20F006A439F /* Embed Frameworks */,
			);
			buildRules = (
			);
			dependencies = (
				A967823819E5B20F006A439F /* PBXTargetDependency */,
			);
			name = ZPatterns;
			productName = ZPatterns;
			productReference = 00991C43199BDBE900E0A201 /* ZPatterns.app */;
			productType = "com.apple.product-type.application";
		};
		00991C54199BDBE900E0A201 /* ZPatternsTests */ = {
			isa = PBXNativeTarget;
			buildConfigurationList = 00991C62199BDBE900E0A201 /* Build configuration list for PBXNativeTarget "ZPatternsTests" */;
			buildPhases = (
				00991C51199BDBE900E0A201 /* Sources */,
				00991C52199BDBE900E0A201 /* Frameworks */,
				00991C53199BDBE900E0A201 /* Resources */,
			);
			buildRules = (
			);
			dependencies = (
				00991C57199BDBE900E0A201 /* PBXTargetDependency */,
			);
			name = ZPatternsTests;
			productName = ZPatternsTests;
			productReference = 00991C55199BDBE900E0A201 /* ZPatternsTests.xctest */;
			productType = "com.apple.product-type.bundle.unit-test";
		};
		A967822119E5B20F006A439F /* Patterns */ = {
			isa = PBXNativeTarget;
			buildConfigurationList = A967823B19E5B20F006A439F /* Build configuration list for PBXNativeTarget "Patterns" */;
			buildPhases = (
				A967821D19E5B20F006A439F /* Sources */,
				A967821E19E5B20F006A439F /* Frameworks */,
				A967821F19E5B20F006A439F /* Headers */,
				A967822019E5B20F006A439F /* Resources */,
			);
			buildRules = (
			);
			dependencies = (
			);
			name = Patterns;
			productName = Patterns;
			productReference = A967822219E5B20F006A439F /* Patterns.framework */;
			productType = "com.apple.product-type.framework";
		};
		A967822B19E5B20F006A439F /* PatternsTests */ = {
			isa = PBXNativeTarget;
			buildConfigurationList = A967823F19E5B20F006A439F /* Build configuration list for PBXNativeTarget "PatternsTests" */;
			buildPhases = (
				A967822819E5B20F006A439F /* Sources */,
				A967822919E5B20F006A439F /* Frameworks */,
				A967822A19E5B20F006A439F /* Resources */,
			);
			buildRules = (
			);
			dependencies = (
				A967822F19E5B20F006A439F /* PBXTargetDependency */,
				A967823119E5B20F006A439F /* PBXTargetDependency */,
			);
			name = PatternsTests;
			productName = PatternsTests;
			productReference = A967822C19E5B20F006A439F /* PatternsTests.xctest */;
			productType = "com.apple.product-type.bundle.unit-test";
		};
/* End PBXNativeTarget section */

/* Begin PBXProject section */
		00991C3B199BDBE900E0A201 /* Project object */ = {
			isa = PBXProject;
			attributes = {
				LastUpgradeCheck = 0600;
				ORGANIZATIONNAME = Zazzle;
				TargetAttributes = {
					00991C42199BDBE900E0A201 = {
						CreatedOnToolsVersion = 6.0;
						DevelopmentTeam = M599QP4QTK;
					};
					00991C54199BDBE900E0A201 = {
						CreatedOnToolsVersion = 6.0;
						TestTargetID = 00991C42199BDBE900E0A201;
					};
					A967822119E5B20F006A439F = {
						CreatedOnToolsVersion = 6.1;
						DevelopmentTeam = M599QP4QTK;
					};
					A967822B19E5B20F006A439F = {
						CreatedOnToolsVersion = 6.1;
						TestTargetID = 00991C42199BDBE900E0A201;
					};
				};
			};
			buildConfigurationList = 00991C3E199BDBE900E0A201 /* Build configuration list for PBXProject "ZPatterns" */;
			compatibilityVersion = "Xcode 3.2";
			developmentRegion = English;
			hasScannedForEncodings = 0;
			knownRegions = (
				en,
				Base,
			);
			mainGroup = 00991C3A199BDBE900E0A201;
			productRefGroup = 00991C44199BDBE900E0A201 /* Products */;
			projectDirPath = "";
			projectRoot = "";
			targets = (
				00991C42199BDBE900E0A201 /* ZPatterns */,
				00991C54199BDBE900E0A201 /* ZPatternsTests */,
				A967822119E5B20F006A439F /* Patterns */,
				A967822B19E5B20F006A439F /* PatternsTests */,
			);
		};
/* End PBXProject section */

/* Begin PBXResourcesBuildPhase section */
		00991C41199BDBE900E0A201 /* Resources */ = {
			isa = PBXResourcesBuildPhase;
			buildActionMask = 2147483647;
			files = (
				A97C8BFB19E5A9430052BDCA /* Playgrounds in Resources */,
				00991C50199BDBE900E0A201 /* Images.xcassets in Resources */,
				00991C68199BDCAF00E0A201 /* Main.storyboard in Resources */,
			);
			runOnlyForDeploymentPostprocessing = 0;
		};
		00991C53199BDBE900E0A201 /* Resources */ = {
			isa = PBXResourcesBuildPhase;
			buildActionMask = 2147483647;
			files = (
			);
			runOnlyForDeploymentPostprocessing = 0;
		};
		A967822019E5B20F006A439F /* Resources */ = {
			isa = PBXResourcesBuildPhase;
			buildActionMask = 2147483647;
			files = (
			);
			runOnlyForDeploymentPostprocessing = 0;
		};
		A967822A19E5B20F006A439F /* Resources */ = {
			isa = PBXResourcesBuildPhase;
			buildActionMask = 2147483647;
			files = (
			);
			runOnlyForDeploymentPostprocessing = 0;
		};
/* End PBXResourcesBuildPhase section */

/* Begin PBXSourcesBuildPhase section */
		00991C3F199BDBE900E0A201 /* Sources */ = {
			isa = PBXSourcesBuildPhase;
			buildActionMask = 2147483647;
			files = (
				0087BA5C19A5AC65002E0D7B /* InfiniteScrollView.swift in Sources */,
				00569436199EE46000DBD236 /* UIPath.swift in Sources */,
				00991C4B199BDBE900E0A201 /* TileViewController.swift in Sources */,
				00991C49199BDBE900E0A201 /* AppDelegate.swift in Sources */,
				00991C6E199C293E00E0A201 /* TileView.swift in Sources */,
				00569434199EE44900DBD236 /* UIPattern.swift in Sources */,
				0074184C19B10D5500BE237D /* Patterns.swift in Sources */,
			);
			runOnlyForDeploymentPostprocessing = 0;
		};
		00991C51199BDBE900E0A201 /* Sources */ = {
			isa = PBXSourcesBuildPhase;
			buildActionMask = 2147483647;
			files = (
				00991C5C199BDBE900E0A201 /* ZPatternsTests.swift in Sources */,
			);
			runOnlyForDeploymentPostprocessing = 0;
		};
		A967821D19E5B20F006A439F /* Sources */ = {
			isa = PBXSourcesBuildPhase;
			buildActionMask = 2147483647;
			files = (
			);
			runOnlyForDeploymentPostprocessing = 0;
		};
		A967822819E5B20F006A439F /* Sources */ = {
			isa = PBXSourcesBuildPhase;
			buildActionMask = 2147483647;
			files = (
				A967823619E5B20F006A439F /* PatternsTests.swift in Sources */,
			);
			runOnlyForDeploymentPostprocessing = 0;
		};
/* End PBXSourcesBuildPhase section */

/* Begin PBXTargetDependency section */
		00991C57199BDBE900E0A201 /* PBXTargetDependency */ = {
			isa = PBXTargetDependency;
			target = 00991C42199BDBE900E0A201 /* ZPatterns */;
			targetProxy = 00991C56199BDBE900E0A201 /* PBXContainerItemProxy */;
		};
		A967822F19E5B20F006A439F /* PBXTargetDependency */ = {
			isa = PBXTargetDependency;
			target = A967822119E5B20F006A439F /* Patterns */;
			targetProxy = A967822E19E5B20F006A439F /* PBXContainerItemProxy */;
		};
		A967823119E5B20F006A439F /* PBXTargetDependency */ = {
			isa = PBXTargetDependency;
			target = 00991C42199BDBE900E0A201 /* ZPatterns */;
			targetProxy = A967823019E5B20F006A439F /* PBXContainerItemProxy */;
		};
		A967823819E5B20F006A439F /* PBXTargetDependency */ = {
			isa = PBXTargetDependency;
			target = A967822119E5B20F006A439F /* Patterns */;
			targetProxy = A967823719E5B20F006A439F /* PBXContainerItemProxy */;
		};
/* End PBXTargetDependency section */

/* Begin XCBuildConfiguration section */
		00991C5D199BDBE900E0A201 /* Debug */ = {
			isa = XCBuildConfiguration;
			buildSettings = {
				ALWAYS_SEARCH_USER_PATHS = NO;
				CLANG_CXX_LANGUAGE_STANDARD = "gnu++0x";
				CLANG_CXX_LIBRARY = "libc++";
				CLANG_ENABLE_MODULES = YES;
				CLANG_ENABLE_OBJC_ARC = YES;
				CLANG_WARN_BOOL_CONVERSION = YES;
				CLANG_WARN_CONSTANT_CONVERSION = YES;
				CLANG_WARN_DIRECT_OBJC_ISA_USAGE = YES_ERROR;
				CLANG_WARN_EMPTY_BODY = YES;
				CLANG_WARN_ENUM_CONVERSION = YES;
				CLANG_WARN_INT_CONVERSION = YES;
				CLANG_WARN_OBJC_ROOT_CLASS = YES_ERROR;
				CLANG_WARN_UNREACHABLE_CODE = YES;
				CLANG_WARN__DUPLICATE_METHOD_MATCH = YES;
				"CODE_SIGN_IDENTITY[sdk=iphoneos*]" = "iPhone Developer";
				COPY_PHASE_STRIP = NO;
				ENABLE_STRICT_OBJC_MSGSEND = YES;
				GCC_C_LANGUAGE_STANDARD = gnu99;
				GCC_DYNAMIC_NO_PIC = NO;
				GCC_OPTIMIZATION_LEVEL = 0;
				GCC_PREPROCESSOR_DEFINITIONS = (
					"DEBUG=1",
					"$(inherited)",
				);
				GCC_SYMBOLS_PRIVATE_EXTERN = NO;
				GCC_WARN_64_TO_32_BIT_CONVERSION = YES;
				GCC_WARN_ABOUT_RETURN_TYPE = YES_ERROR;
				GCC_WARN_UNDECLARED_SELECTOR = YES;
				GCC_WARN_UNINITIALIZED_AUTOS = YES_AGGRESSIVE;
				GCC_WARN_UNUSED_FUNCTION = YES;
				GCC_WARN_UNUSED_VARIABLE = YES;
				IPHONEOS_DEPLOYMENT_TARGET = 8.0;
				MTL_ENABLE_DEBUG_INFO = YES;
				ONLY_ACTIVE_ARCH = YES;
				SDKROOT = iphoneos;
				SWIFT_OPTIMIZATION_LEVEL = "-Onone";
			};
			name = Debug;
		};
		00991C5E199BDBE900E0A201 /* Release */ = {
			isa = XCBuildConfiguration;
			buildSettings = {
				ALWAYS_SEARCH_USER_PATHS = NO;
				CLANG_CXX_LANGUAGE_STANDARD = "gnu++0x";
				CLANG_CXX_LIBRARY = "libc++";
				CLANG_ENABLE_MODULES = YES;
				CLANG_ENABLE_OBJC_ARC = YES;
				CLANG_WARN_BOOL_CONVERSION = YES;
				CLANG_WARN_CONSTANT_CONVERSION = YES;
				CLANG_WARN_DIRECT_OBJC_ISA_USAGE = YES_ERROR;
				CLANG_WARN_EMPTY_BODY = YES;
				CLANG_WARN_ENUM_CONVERSION = YES;
				CLANG_WARN_INT_CONVERSION = YES;
				CLANG_WARN_OBJC_ROOT_CLASS = YES_ERROR;
				CLANG_WARN_UNREACHABLE_CODE = YES;
				CLANG_WARN__DUPLICATE_METHOD_MATCH = YES;
				"CODE_SIGN_IDENTITY[sdk=iphoneos*]" = "iPhone Developer";
				COPY_PHASE_STRIP = YES;
				ENABLE_NS_ASSERTIONS = NO;
				ENABLE_STRICT_OBJC_MSGSEND = YES;
				GCC_C_LANGUAGE_STANDARD = gnu99;
				GCC_WARN_64_TO_32_BIT_CONVERSION = YES;
				GCC_WARN_ABOUT_RETURN_TYPE = YES_ERROR;
				GCC_WARN_UNDECLARED_SELECTOR = YES;
				GCC_WARN_UNINITIALIZED_AUTOS = YES_AGGRESSIVE;
				GCC_WARN_UNUSED_FUNCTION = YES;
				GCC_WARN_UNUSED_VARIABLE = YES;
				IPHONEOS_DEPLOYMENT_TARGET = 8.0;
				MTL_ENABLE_DEBUG_INFO = NO;
				SDKROOT = iphoneos;
				VALIDATE_PRODUCT = YES;
			};
			name = Release;
		};
		00991C60199BDBE900E0A201 /* Debug */ = {
			isa = XCBuildConfiguration;
			buildSettings = {
				ASSETCATALOG_COMPILER_APPICON_NAME = AppIcon;
				ASSETCATALOG_COMPILER_LAUNCHIMAGE_NAME = LaunchImage;
				CLANG_ENABLE_MODULES = YES;
				INFOPLIST_FILE = ZPatterns/Info.plist;
				IPHONEOS_DEPLOYMENT_TARGET = 8.0;
				LD_RUNPATH_SEARCH_PATHS = "$(inherited) @executable_path/Frameworks";
				PRODUCT_NAME = "$(TARGET_NAME)";
				SWIFT_OBJC_BRIDGING_HEADER = "ZPatterns/ZPatterns-Bridging-Header.h";
				SWIFT_OPTIMIZATION_LEVEL = "-Onone";
			};
			name = Debug;
		};
		00991C61199BDBE900E0A201 /* Release */ = {
			isa = XCBuildConfiguration;
			buildSettings = {
				ASSETCATALOG_COMPILER_APPICON_NAME = AppIcon;
				ASSETCATALOG_COMPILER_LAUNCHIMAGE_NAME = LaunchImage;
				CLANG_ENABLE_MODULES = YES;
				INFOPLIST_FILE = ZPatterns/Info.plist;
				IPHONEOS_DEPLOYMENT_TARGET = 8.0;
				LD_RUNPATH_SEARCH_PATHS = "$(inherited) @executable_path/Frameworks";
				PRODUCT_NAME = "$(TARGET_NAME)";
				SWIFT_OBJC_BRIDGING_HEADER = "ZPatterns/ZPatterns-Bridging-Header.h";
			};
			name = Release;
		};
		00991C63199BDBE900E0A201 /* Debug */ = {
			isa = XCBuildConfiguration;
			buildSettings = {
				BUNDLE_LOADER = "$(TEST_HOST)";
				FRAMEWORK_SEARCH_PATHS = (
					"$(SDKROOT)/Developer/Library/Frameworks",
					"$(inherited)",
				);
				GCC_PREPROCESSOR_DEFINITIONS = (
					"DEBUG=1",
					"$(inherited)",
				);
				INFOPLIST_FILE = ZPatternsTests/Info.plist;
				LD_RUNPATH_SEARCH_PATHS = "$(inherited) @executable_path/Frameworks @loader_path/Frameworks";
				PRODUCT_NAME = "$(TARGET_NAME)";
				TEST_HOST = "$(BUILT_PRODUCTS_DIR)/ZPatterns.app/ZPatterns";
			};
			name = Debug;
		};
		00991C64199BDBE900E0A201 /* Release */ = {
			isa = XCBuildConfiguration;
			buildSettings = {
				BUNDLE_LOADER = "$(TEST_HOST)";
				FRAMEWORK_SEARCH_PATHS = (
					"$(SDKROOT)/Developer/Library/Frameworks",
					"$(inherited)",
				);
				INFOPLIST_FILE = ZPatternsTests/Info.plist;
				LD_RUNPATH_SEARCH_PATHS = "$(inherited) @executable_path/Frameworks @loader_path/Frameworks";
				PRODUCT_NAME = "$(TARGET_NAME)";
				TEST_HOST = "$(BUILT_PRODUCTS_DIR)/ZPatterns.app/ZPatterns";
			};
			name = Release;
		};
		A967823C19E5B20F006A439F /* Debug */ = {
			isa = XCBuildConfiguration;
			buildSettings = {
				CURRENT_PROJECT_VERSION = 1;
				DEFINES_MODULE = YES;
				DYLIB_COMPATIBILITY_VERSION = 1;
				DYLIB_CURRENT_VERSION = 1;
				DYLIB_INSTALL_NAME_BASE = "@rpath";
				GCC_PREPROCESSOR_DEFINITIONS = (
					"DEBUG=1",
					"$(inherited)",
				);
				INFOPLIST_FILE = Patterns/Info.plist;
				INSTALL_PATH = "$(LOCAL_LIBRARY_DIR)/Frameworks";
				IPHONEOS_DEPLOYMENT_TARGET = 8.0;
				LD_RUNPATH_SEARCH_PATHS = "$(inherited) @executable_path/Frameworks @loader_path/Frameworks";
				PRODUCT_NAME = "$(TARGET_NAME)";
				SKIP_INSTALL = YES;
				TARGETED_DEVICE_FAMILY = "1,2";
				VERSIONING_SYSTEM = "apple-generic";
				VERSION_INFO_PREFIX = "";
			};
			name = Debug;
		};
		A967823D19E5B20F006A439F /* Release */ = {
			isa = XCBuildConfiguration;
			buildSettings = {
				CURRENT_PROJECT_VERSION = 1;
				DEFINES_MODULE = YES;
				DYLIB_COMPATIBILITY_VERSION = 1;
				DYLIB_CURRENT_VERSION = 1;
				DYLIB_INSTALL_NAME_BASE = "@rpath";
				INFOPLIST_FILE = Patterns/Info.plist;
				INSTALL_PATH = "$(LOCAL_LIBRARY_DIR)/Frameworks";
				IPHONEOS_DEPLOYMENT_TARGET = 8.0;
				LD_RUNPATH_SEARCH_PATHS = "$(inherited) @executable_path/Frameworks @loader_path/Frameworks";
				PRODUCT_NAME = "$(TARGET_NAME)";
				SKIP_INSTALL = YES;
				TARGETED_DEVICE_FAMILY = "1,2";
				VERSIONING_SYSTEM = "apple-generic";
				VERSION_INFO_PREFIX = "";
			};
			name = Release;
		};
		A967824019E5B20F006A439F /* Debug */ = {
			isa = XCBuildConfiguration;
			buildSettings = {
				FRAMEWORK_SEARCH_PATHS = (
					"$(SDKROOT)/Developer/Library/Frameworks",
					"$(inherited)",
				);
				GCC_PREPROCESSOR_DEFINITIONS = (
					"DEBUG=1",
					"$(inherited)",
				);
				INFOPLIST_FILE = PatternsTests/Info.plist;
				IPHONEOS_DEPLOYMENT_TARGET = 8.1;
				LD_RUNPATH_SEARCH_PATHS = "$(inherited) @executable_path/Frameworks @loader_path/Frameworks";
				PRODUCT_NAME = "$(TARGET_NAME)";
				TEST_HOST = "$(BUILT_PRODUCTS_DIR)/ZPatterns.app/ZPatterns";
			};
			name = Debug;
		};
		A967824119E5B20F006A439F /* Release */ = {
			isa = XCBuildConfiguration;
			buildSettings = {
				FRAMEWORK_SEARCH_PATHS = (
					"$(SDKROOT)/Developer/Library/Frameworks",
					"$(inherited)",
				);
				INFOPLIST_FILE = PatternsTests/Info.plist;
				IPHONEOS_DEPLOYMENT_TARGET = 8.1;
				LD_RUNPATH_SEARCH_PATHS = "$(inherited) @executable_path/Frameworks @loader_path/Frameworks";
				PRODUCT_NAME = "$(TARGET_NAME)";
				TEST_HOST = "$(BUILT_PRODUCTS_DIR)/ZPatterns.app/ZPatterns";
			};
			name = Release;
		};
/* End XCBuildConfiguration section */

/* Begin XCConfigurationList section */
		00991C3E199BDBE900E0A201 /* Build configuration list for PBXProject "ZPatterns" */ = {
			isa = XCConfigurationList;
			buildConfigurations = (
				00991C5D199BDBE900E0A201 /* Debug */,
				00991C5E199BDBE900E0A201 /* Release */,
			);
			defaultConfigurationIsVisible = 0;
			defaultConfigurationName = Release;
		};
		00991C5F199BDBE900E0A201 /* Build configuration list for PBXNativeTarget "ZPatterns" */ = {
			isa = XCConfigurationList;
			buildConfigurations = (
				00991C60199BDBE900E0A201 /* Debug */,
				00991C61199BDBE900E0A201 /* Release */,
			);
			defaultConfigurationIsVisible = 0;
			defaultConfigurationName = Release;
		};
		00991C62199BDBE900E0A201 /* Build configuration list for PBXNativeTarget "ZPatternsTests" */ = {
			isa = XCConfigurationList;
			buildConfigurations = (
				00991C63199BDBE900E0A201 /* Debug */,
				00991C64199BDBE900E0A201 /* Release */,
			);
			defaultConfigurationIsVisible = 0;
			defaultConfigurationName = Release;
		};
		A967823B19E5B20F006A439F /* Build configuration list for PBXNativeTarget "Patterns" */ = {
			isa = XCConfigurationList;
			buildConfigurations = (
				A967823C19E5B20F006A439F /* Debug */,
				A967823D19E5B20F006A439F /* Release */,
			);
			defaultConfigurationIsVisible = 0;
			defaultConfigurationName = Release;
		};
		A967823F19E5B20F006A439F /* Build configuration list for PBXNativeTarget "PatternsTests" */ = {
			isa = XCConfigurationList;
			buildConfigurations = (
				A967824019E5B20F006A439F /* Debug */,
				A967824119E5B20F006A439F /* Release */,
			);
			defaultConfigurationIsVisible = 0;
			defaultConfigurationName = Release;
		};
/* End XCConfigurationList section */
	};
	rootObject = 00991C3B199BDBE900E0A201 /* Project object */;
}
